
Microsoft Visual Studio Solution File, Format Version 12.00
# Visual Studio Version 17
VisualStudioVersion = 17.12.35521.163
MinimumVisualStudioVersion = 10.0.40219.1
Project("{2150E333-8FDC-42A3-9474-1A3956D46DE8}") = "Services", "Services", "{7EE51E23-EFC0-4B38-90DB-99B2DEB928C3}"
EndProject
Project("{2150E333-8FDC-42A3-9474-1A3956D46DE8}") = "GeneralUsing", "GeneralUsing", "{B6C17A1B-BE97-44DD-8BE0-A059B785D60D}"
EndProject
Project("{FAE04EC0-301F-11D3-BF4B-00C04F79EFBC}") = "GeneralUsing", "GeneralUsing\GeneralUsing\GeneralUsing.csproj", "{77A833CE-3E83-4408-BA8D-DE24B2139791}"
EndProject
Project("{2150E333-8FDC-42A3-9474-1A3956D46DE8}") = "ProductServices", "ProductServices", "{F238B308-7E4F-4831-A6E5-A4E129BB72A5}"
EndProject
Project("{2150E333-8FDC-42A3-9474-1A3956D46DE8}") = "Gateways", "Gateways", "{5780668D-82DB-46B9-926D-E9F5ADDE290C}"
EndProject
Project("{FAE04EC0-301F-11D3-BF4B-00C04F79EFBC}") = "OcelotGatewayAPI", "OcelotGatewayAPI\OcelotGatewayAPI.csproj", "{25E65FE6-0842-4C7F-8766-9C9495D23834}"
EndProject
Project("{2150E333-8FDC-42A3-9474-1A3956D46DE8}") = "ShoppingCartService", "ShoppingCartService", "{2DBBBCFD-5DB1-4330-B26C-917BD2463650}"
EndProject
Project("{FAE04EC0-301F-11D3-BF4B-00C04F79EFBC}") = "Integration", "Integration\Integration.csproj", "{89B1B5F1-0354-40CE-9187-8FF4363FC12D}"
EndProject
Project("{2150E333-8FDC-42A3-9474-1A3956D46DE8}") = "EmailService", "EmailService", "{C6AF7049-3785-4578-B20D-111E1B8AFB61}"
EndProject
Project("{2150E333-8FDC-42A3-9474-1A3956D46DE8}") = "OrderingService", "OrderingService", "{E47B974B-5266-4BFD-93B2-33D212342AC3}"
EndProject
Project("{2150E333-8FDC-42A3-9474-1A3956D46DE8}") = "WebProject", "WebProject", "{D8C0AF3E-5215-44F6-ACE3-DFE18E50F2D5}"
EndProject
Project("{FAE04EC0-301F-11D3-BF4B-00C04F79EFBC}") = "BasketECommerce.Web", "Services\WebProject\BasketECommerce.Web\BasketECommerce.Web.csproj", "{D4F74A14-623E-4A35-A67C-FD340E4A2AE1}"
EndProject
Project("{2150E333-8FDC-42A3-9474-1A3956D46DE8}") = "AuthenticationService", "AuthenticationService", "{AD3DE05E-3B4B-49B6-B858-B8B29F37F4F0}"
EndProject
Project("{FAE04EC0-301F-11D3-BF4B-00C04F79EFBC}") = "AuthService.API", "Services\AuthenticationService\AuthService.API\AuthService.API.csproj", "{B9BCBB6D-512C-4DAA-BB2D-E01E22195F72}"
EndProject
Project("{FAE04EC0-301F-11D3-BF4B-00C04F79EFBC}") = "EmailService.API", "Services\EmailService\EmailService.API\EmailService.API.csproj", "{81ECB70E-0FD0-47A8-A841-8184B4BF721C}"
EndProject
Project("{FAE04EC0-301F-11D3-BF4B-00C04F79EFBC}") = "OrderingService.Infrastructure", "Services\OrderingService\OrderingService.Infrastructure\OrderingService.Infrastructure.csproj", "{2F16D1E9-9439-4C22-98EF-B700FA55E1A3}"
EndProject
Project("{FAE04EC0-301F-11D3-BF4B-00C04F79EFBC}") = "OrderingService.Domain", "Services\OrderingService\OrderingService.Domain\OrderingService.Domain.csproj", "{7391DC4F-7568-40C1-9B6B-AF508B12E2E4}"
EndProject
Project("{FAE04EC0-301F-11D3-BF4B-00C04F79EFBC}") = "OrderingService.Application", "Services\OrderingService\OrderingService.Application\OrderingService.Application.csproj", "{75DF589C-B6D1-4BFF-999C-141CC0286A5A}"
EndProject
Project("{FAE04EC0-301F-11D3-BF4B-00C04F79EFBC}") = "OrderingService.API", "Services\OrderingService\OrderingService.API\OrderingService.API.csproj", "{72A6C593-4787-43CF-A0A3-FE977F4701F1}"
EndProject
Project("{FAE04EC0-301F-11D3-BF4B-00C04F79EFBC}") = "ShoppingCart_Service.API", "Services\ShoppingCartService\ShoppingCart_Service.API\ShoppingCart_Service.API.csproj", "{C9380CAD-73C3-4C80-B57F-C27DECF8D614}"
EndProject
Project("{2150E333-8FDC-42A3-9474-1A3956D46DE8}") = "CouponService", "CouponService", "{1755F5E1-FADB-4EA4-AAC7-1354A2C10B06}"
EndProject
Project("{FAE04EC0-301F-11D3-BF4B-00C04F79EFBC}") = "CouponService.API", "Services\CouponService\CouponService.API\CouponService.API.csproj", "{615ACF2D-ABF9-4FBD-9F1D-CFA25A419247}"
EndProject
Project("{FAE04EC0-301F-11D3-BF4B-00C04F79EFBC}") = "ProductCategory.API", "Services\productservice\Product.API\ProductCategory.API.csproj", "{BAAEE269-EA19-4D2E-B9F3-E407B33D0144}"
EndProject
Project("{E53339B2-1760-4266-BCC7-CA923CBCF16C}") = "docker-compose", "docker-compose.dcproj", "{8B1A123B-6FE7-4D1F-A17C-3501CE20E1EB}"
EndProject
Global
	GlobalSection(SolutionConfigurationPlatforms) = preSolution
		Debug|Any CPU = Debug|Any CPU
		Release|Any CPU = Release|Any CPU
	EndGlobalSection
	GlobalSection(ProjectConfigurationPlatforms) = postSolution
		{77A833CE-3E83-4408-BA8D-DE24B2139791}.Debug|Any CPU.ActiveCfg = Debug|Any CPU
		{77A833CE-3E83-4408-BA8D-DE24B2139791}.Debug|Any CPU.Build.0 = Debug|Any CPU
		{77A833CE-3E83-4408-BA8D-DE24B2139791}.Release|Any CPU.ActiveCfg = Release|Any CPU
		{77A833CE-3E83-4408-BA8D-DE24B2139791}.Release|Any CPU.Build.0 = Release|Any CPU
		{25E65FE6-0842-4C7F-8766-9C9495D23834}.Debug|Any CPU.ActiveCfg = Debug|Any CPU
		{25E65FE6-0842-4C7F-8766-9C9495D23834}.Debug|Any CPU.Build.0 = Debug|Any CPU
		{25E65FE6-0842-4C7F-8766-9C9495D23834}.Release|Any CPU.ActiveCfg = Release|Any CPU
		{25E65FE6-0842-4C7F-8766-9C9495D23834}.Release|Any CPU.Build.0 = Release|Any CPU
		{89B1B5F1-0354-40CE-9187-8FF4363FC12D}.Debug|Any CPU.ActiveCfg = Debug|Any CPU
		{89B1B5F1-0354-40CE-9187-8FF4363FC12D}.Debug|Any CPU.Build.0 = Debug|Any CPU
		{89B1B5F1-0354-40CE-9187-8FF4363FC12D}.Release|Any CPU.ActiveCfg = Release|Any CPU
		{89B1B5F1-0354-40CE-9187-8FF4363FC12D}.Release|Any CPU.Build.0 = Release|Any CPU
		{D4F74A14-623E-4A35-A67C-FD340E4A2AE1}.Debug|Any CPU.ActiveCfg = Debug|Any CPU
		{D4F74A14-623E-4A35-A67C-FD340E4A2AE1}.Debug|Any CPU.Build.0 = Debug|Any CPU
		{D4F74A14-623E-4A35-A67C-FD340E4A2AE1}.Release|Any CPU.ActiveCfg = Release|Any CPU
		{D4F74A14-623E-4A35-A67C-FD340E4A2AE1}.Release|Any CPU.Build.0 = Release|Any CPU
		{B9BCBB6D-512C-4DAA-BB2D-E01E22195F72}.Debug|Any CPU.ActiveCfg = Debug|Any CPU
		{B9BCBB6D-512C-4DAA-BB2D-E01E22195F72}.Debug|Any CPU.Build.0 = Debug|Any CPU
		{B9BCBB6D-512C-4DAA-BB2D-E01E22195F72}.Release|Any CPU.ActiveCfg = Release|Any CPU
		{B9BCBB6D-512C-4DAA-BB2D-E01E22195F72}.Release|Any CPU.Build.0 = Release|Any CPU
		{81ECB70E-0FD0-47A8-A841-8184B4BF721C}.Debug|Any CPU.ActiveCfg = Debug|Any CPU
		{81ECB70E-0FD0-47A8-A841-8184B4BF721C}.Debug|Any CPU.Build.0 = Debug|Any CPU
		{81ECB70E-0FD0-47A8-A841-8184B4BF721C}.Release|Any CPU.ActiveCfg = Release|Any CPU
		{81ECB70E-0FD0-47A8-A841-8184B4BF721C}.Release|Any CPU.Build.0 = Release|Any CPU
		{2F16D1E9-9439-4C22-98EF-B700FA55E1A3}.Debug|Any CPU.ActiveCfg = Debug|Any CPU
		{2F16D1E9-9439-4C22-98EF-B700FA55E1A3}.Debug|Any CPU.Build.0 = Debug|Any CPU
		{2F16D1E9-9439-4C22-98EF-B700FA55E1A3}.Release|Any CPU.ActiveCfg = Release|Any CPU
		{2F16D1E9-9439-4C22-98EF-B700FA55E1A3}.Release|Any CPU.Build.0 = Release|Any CPU
		{7391DC4F-7568-40C1-9B6B-AF508B12E2E4}.Debug|Any CPU.ActiveCfg = Debug|Any CPU
		{7391DC4F-7568-40C1-9B6B-AF508B12E2E4}.Debug|Any CPU.Build.0 = Debug|Any CPU
		{7391DC4F-7568-40C1-9B6B-AF508B12E2E4}.Release|Any CPU.ActiveCfg = Release|Any CPU
		{7391DC4F-7568-40C1-9B6B-AF508B12E2E4}.Release|Any CPU.Build.0 = Release|Any CPU
		{75DF589C-B6D1-4BFF-999C-141CC0286A5A}.Debug|Any CPU.ActiveCfg = Debug|Any CPU
		{75DF589C-B6D1-4BFF-999C-141CC0286A5A}.Debug|Any CPU.Build.0 = Debug|Any CPU
		{75DF589C-B6D1-4BFF-999C-141CC0286A5A}.Release|Any CPU.ActiveCfg = Release|Any CPU
		{75DF589C-B6D1-4BFF-999C-141CC0286A5A}.Release|Any CPU.Build.0 = Release|Any CPU
		{72A6C593-4787-43CF-A0A3-FE977F4701F1}.Debug|Any CPU.ActiveCfg = Debug|Any CPU
		{72A6C593-4787-43CF-A0A3-FE977F4701F1}.Debug|Any CPU.Build.0 = Debug|Any CPU
		{72A6C593-4787-43CF-A0A3-FE977F4701F1}.Release|Any CPU.ActiveCfg = Release|Any CPU
		{72A6C593-4787-43CF-A0A3-FE977F4701F1}.Release|Any CPU.Build.0 = Release|Any CPU
		{C9380CAD-73C3-4C80-B57F-C27DECF8D614}.Debug|Any CPU.ActiveCfg = Debug|Any CPU
		{C9380CAD-73C3-4C80-B57F-C27DECF8D614}.Debug|Any CPU.Build.0 = Debug|Any CPU
		{C9380CAD-73C3-4C80-B57F-C27DECF8D614}.Release|Any CPU.ActiveCfg = Release|Any CPU
		{C9380CAD-73C3-4C80-B57F-C27DECF8D614}.Release|Any CPU.Build.0 = Release|Any CPU
		{615ACF2D-ABF9-4FBD-9F1D-CFA25A419247}.Debug|Any CPU.ActiveCfg = Debug|Any CPU
		{615ACF2D-ABF9-4FBD-9F1D-CFA25A419247}.Debug|Any CPU.Build.0 = Debug|Any CPU
		{615ACF2D-ABF9-4FBD-9F1D-CFA25A419247}.Release|Any CPU.ActiveCfg = Release|Any CPU
		{615ACF2D-ABF9-4FBD-9F1D-CFA25A419247}.Release|Any CPU.Build.0 = Release|Any CPU
		{BAAEE269-EA19-4D2E-B9F3-E407B33D0144}.Debug|Any CPU.ActiveCfg = Debug|Any CPU
		{BAAEE269-EA19-4D2E-B9F3-E407B33D0144}.Debug|Any CPU.Build.0 = Debug|Any CPU
		{BAAEE269-EA19-4D2E-B9F3-E407B33D0144}.Release|Any CPU.ActiveCfg = Release|Any CPU
		{BAAEE269-EA19-4D2E-B9F3-E407B33D0144}.Release|Any CPU.Build.0 = Release|Any CPU
		{8B1A123B-6FE7-4D1F-A17C-3501CE20E1EB}.Debug|Any CPU.ActiveCfg = Debug|Any CPU
		{8B1A123B-6FE7-4D1F-A17C-3501CE20E1EB}.Debug|Any CPU.Build.0 = Debug|Any CPU
		{8B1A123B-6FE7-4D1F-A17C-3501CE20E1EB}.Release|Any CPU.ActiveCfg = Release|Any CPU
		{8B1A123B-6FE7-4D1F-A17C-3501CE20E1EB}.Release|Any CPU.Build.0 = Release|Any CPU
	EndGlobalSection
	GlobalSection(SolutionProperties) = preSolution
		HideSolutionNode = FALSE
	EndGlobalSection
	GlobalSection(NestedProjects) = preSolution
		{77A833CE-3E83-4408-BA8D-DE24B2139791} = {B6C17A1B-BE97-44DD-8BE0-A059B785D60D}
		{F238B308-7E4F-4831-A6E5-A4E129BB72A5} = {7EE51E23-EFC0-4B38-90DB-99B2DEB928C3}
		{25E65FE6-0842-4C7F-8766-9C9495D23834} = {5780668D-82DB-46B9-926D-E9F5ADDE290C}
		{2DBBBCFD-5DB1-4330-B26C-917BD2463650} = {7EE51E23-EFC0-4B38-90DB-99B2DEB928C3}
		{89B1B5F1-0354-40CE-9187-8FF4363FC12D} = {B6C17A1B-BE97-44DD-8BE0-A059B785D60D}
		{C6AF7049-3785-4578-B20D-111E1B8AFB61} = {7EE51E23-EFC0-4B38-90DB-99B2DEB928C3}
		{E47B974B-5266-4BFD-93B2-33D212342AC3} = {7EE51E23-EFC0-4B38-90DB-99B2DEB928C3}
		{D4F74A14-623E-4A35-A67C-FD340E4A2AE1} = {D8C0AF3E-5215-44F6-ACE3-DFE18E50F2D5}
		{AD3DE05E-3B4B-49B6-B858-B8B29F37F4F0} = {7EE51E23-EFC0-4B38-90DB-99B2DEB928C3}
		{B9BCBB6D-512C-4DAA-BB2D-E01E22195F72} = {AD3DE05E-3B4B-49B6-B858-B8B29F37F4F0}
		{81ECB70E-0FD0-47A8-A841-8184B4BF721C} = {C6AF7049-3785-4578-B20D-111E1B8AFB61}
		{2F16D1E9-9439-4C22-98EF-B700FA55E1A3} = {E47B974B-5266-4BFD-93B2-33D212342AC3}
		{7391DC4F-7568-40C1-9B6B-AF508B12E2E4} = {E47B974B-5266-4BFD-93B2-33D212342AC3}
		{75DF589C-B6D1-4BFF-999C-141CC0286A5A} = {E47B974B-5266-4BFD-93B2-33D212342AC3}
		{72A6C593-4787-43CF-A0A3-FE977F4701F1} = {E47B974B-5266-4BFD-93B2-33D212342AC3}
		{C9380CAD-73C3-4C80-B57F-C27DECF8D614} = {2DBBBCFD-5DB1-4330-B26C-917BD2463650}
		{1755F5E1-FADB-4EA4-AAC7-1354A2C10B06} = {7EE51E23-EFC0-4B38-90DB-99B2DEB928C3}
		{615ACF2D-ABF9-4FBD-9F1D-CFA25A419247} = {1755F5E1-FADB-4EA4-AAC7-1354A2C10B06}
		{BAAEE269-EA19-4D2E-B9F3-E407B33D0144} = {F238B308-7E4F-4831-A6E5-A4E129BB72A5}
	EndGlobalSection
EndGlobal
