
Microsoft Visual Studio Solution File, Format Version 12.00
# Visual Studio Version 17
VisualStudioVersion = 17.12.35521.163
MinimumVisualStudioVersion = 10.0.40219.1
Project("{2150E333-8FDC-42A3-9474-1A3956D46DE8}") = "Services", "Services", "{7EE51E23-EFC0-4B38-90DB-99B2DEB928C3}"
EndProject
Project("{2150E333-8FDC-42A3-9474-1A3956D46DE8}") = "GeneralUsing", "GeneralUsing", "{B6C17A1B-BE97-44DD-8BE0-A059B785D60D}"
EndProject
Project("{FAE04EC0-301F-11D3-BF4B-00C04F79EFBC}") = "GeneralUsing", "GeneralUsing\GeneralUsing\GeneralUsing.csproj", "{77A833CE-3E83-4408-BA8D-DE24B2139791}"
EndProject
Project("{2150E333-8FDC-42A3-9474-1A3956D46DE8}") = "ProductService", "ProductService", "{F238B308-7E4F-4831-A6E5-A4E129BB72A5}"
EndProject
Project("{FAE04EC0-301F-11D3-BF4B-00C04F79EFBC}") = "ProductCategory.API", "productservice\Product.API\ProductCategory.API.csproj", "{DE91F299-8688-4F54-90FE-A1907661A0F2}"
EndProject
Project("{2150E333-8FDC-42A3-9474-1A3956D46DE8}") = "Gateways", "Gateways", "{5780668D-82DB-46B9-926D-E9F5ADDE290C}"
EndProject
Project("{FAE04EC0-301F-11D3-BF4B-00C04F79EFBC}") = "OcelotGatewayAPI", "OcelotGatewayAPI\OcelotGatewayAPI.csproj", "{25E65FE6-0842-4C7F-8766-9C9495D23834}"
EndProject
Project("{2150E333-8FDC-42A3-9474-1A3956D46DE8}") = "ShoppingCartService", "ShoppingCartService", "{2DBBBCFD-5DB1-4330-B26C-917BD2463650}"
EndProject
Project("{FAE04EC0-301F-11D3-BF4B-00C04F79EFBC}") = "ShoppingCart_Service.API", "ShoppingCartService\ShoppingCart_Service.API\ShoppingCart_Service.API.csproj", "{128B32AF-D35C-4ACC-9065-FDB7D0616474}"
EndProject
Project("{FAE04EC0-301F-11D3-BF4B-00C04F79EFBC}") = "Integration", "Integration\Integration.csproj", "{89B1B5F1-0354-40CE-9187-8FF4363FC12D}"
EndProject
Project("{2150E333-8FDC-42A3-9474-1A3956D46DE8}") = "EmailService", "EmailService", "{C6AF7049-3785-4578-B20D-111E1B8AFB61}"
EndProject
Project("{FAE04EC0-301F-11D3-BF4B-00C04F79EFBC}") = "EmailService.API", "EmailService.API\EmailService.API.csproj", "{FF8EAC05-646A-4AE4-8A29-FC6F089D3606}"
EndProject
Project("{2150E333-8FDC-42A3-9474-1A3956D46DE8}") = "OrderingService", "OrderingService", "{E47B974B-5266-4BFD-93B2-33D212342AC3}"
EndProject
Project("{FAE04EC0-301F-11D3-BF4B-00C04F79EFBC}") = "OrderingService.Domain", "OrderingService.Domain\OrderingService.Domain.csproj", "{94069BAA-F554-4C2F-BFCA-0E0939A0DDD4}"
EndProject
Project("{FAE04EC0-301F-11D3-BF4B-00C04F79EFBC}") = "OrderingService.Infrastructure", "OrderingService.Infrastructure\OrderingService.Infrastructure.csproj", "{45E6B0E7-2A90-426F-A20E-8B836F706A9C}"
EndProject
Project("{FAE04EC0-301F-11D3-BF4B-00C04F79EFBC}") = "OrderingService.API", "OrderingService.API\OrderingService.API.csproj", "{E14F6C9A-1A6F-4E54-BA2F-D06A93F4F796}"
EndProject
Project("{FAE04EC0-301F-11D3-BF4B-00C04F79EFBC}") = "OrderingService.Application", "OrderingService.Application\OrderingService.Application.csproj", "{2C763043-6251-4D96-9462-FC9BE871CAB4}"
EndProject
Project("{2150E333-8FDC-42A3-9474-1A3956D46DE8}") = "WebProject", "WebProject", "{D8C0AF3E-5215-44F6-ACE3-DFE18E50F2D5}"
EndProject
Project("{FAE04EC0-301F-11D3-BF4B-00C04F79EFBC}") = "BasketECommerce.Web", "Services\WebProject\BasketECommerce.Web\BasketECommerce.Web.csproj", "{D4F74A14-623E-4A35-A67C-FD340E4A2AE1}"
EndProject
Project("{2150E333-8FDC-42A3-9474-1A3956D46DE8}") = "AuthenticationService", "AuthenticationService", "{AD3DE05E-3B4B-49B6-B858-B8B29F37F4F0}"
EndProject
Project("{FAE04EC0-301F-11D3-BF4B-00C04F79EFBC}") = "AuthService.API", "Services\AuthenticationService\AuthService.API\AuthService.API.csproj", "{B9BCBB6D-512C-4DAA-BB2D-E01E22195F72}"
EndProject
Global
	GlobalSection(SolutionConfigurationPlatforms) = preSolution
		Debug|Any CPU = Debug|Any CPU
		Release|Any CPU = Release|Any CPU
	EndGlobalSection
	GlobalSection(ProjectConfigurationPlatforms) = postSolution
		{77A833CE-3E83-4408-BA8D-DE24B2139791}.Debug|Any CPU.ActiveCfg = Debug|Any CPU
		{77A833CE-3E83-4408-BA8D-DE24B2139791}.Debug|Any CPU.Build.0 = Debug|Any CPU
		{77A833CE-3E83-4408-BA8D-DE24B2139791}.Release|Any CPU.ActiveCfg = Release|Any CPU
		{77A833CE-3E83-4408-BA8D-DE24B2139791}.Release|Any CPU.Build.0 = Release|Any CPU
		{DE91F299-8688-4F54-90FE-A1907661A0F2}.Debug|Any CPU.ActiveCfg = Debug|Any CPU
		{DE91F299-8688-4F54-90FE-A1907661A0F2}.Debug|Any CPU.Build.0 = Debug|Any CPU
		{DE91F299-8688-4F54-90FE-A1907661A0F2}.Release|Any CPU.ActiveCfg = Release|Any CPU
		{DE91F299-8688-4F54-90FE-A1907661A0F2}.Release|Any CPU.Build.0 = Release|Any CPU
		{25E65FE6-0842-4C7F-8766-9C9495D23834}.Debug|Any CPU.ActiveCfg = Debug|Any CPU
		{25E65FE6-0842-4C7F-8766-9C9495D23834}.Debug|Any CPU.Build.0 = Debug|Any CPU
		{25E65FE6-0842-4C7F-8766-9C9495D23834}.Release|Any CPU.ActiveCfg = Release|Any CPU
		{25E65FE6-0842-4C7F-8766-9C9495D23834}.Release|Any CPU.Build.0 = Release|Any CPU
		{128B32AF-D35C-4ACC-9065-FDB7D0616474}.Debug|Any CPU.ActiveCfg = Debug|Any CPU
		{128B32AF-D35C-4ACC-9065-FDB7D0616474}.Debug|Any CPU.Build.0 = Debug|Any CPU
		{128B32AF-D35C-4ACC-9065-FDB7D0616474}.Release|Any CPU.ActiveCfg = Release|Any CPU
		{128B32AF-D35C-4ACC-9065-FDB7D0616474}.Release|Any CPU.Build.0 = Release|Any CPU
		{89B1B5F1-0354-40CE-9187-8FF4363FC12D}.Debug|Any CPU.ActiveCfg = Debug|Any CPU
		{89B1B5F1-0354-40CE-9187-8FF4363FC12D}.Debug|Any CPU.Build.0 = Debug|Any CPU
		{89B1B5F1-0354-40CE-9187-8FF4363FC12D}.Release|Any CPU.ActiveCfg = Release|Any CPU
		{89B1B5F1-0354-40CE-9187-8FF4363FC12D}.Release|Any CPU.Build.0 = Release|Any CPU
		{FF8EAC05-646A-4AE4-8A29-FC6F089D3606}.Debug|Any CPU.ActiveCfg = Debug|Any CPU
		{FF8EAC05-646A-4AE4-8A29-FC6F089D3606}.Debug|Any CPU.Build.0 = Debug|Any CPU
		{FF8EAC05-646A-4AE4-8A29-FC6F089D3606}.Release|Any CPU.ActiveCfg = Release|Any CPU
		{FF8EAC05-646A-4AE4-8A29-FC6F089D3606}.Release|Any CPU.Build.0 = Release|Any CPU
		{94069BAA-F554-4C2F-BFCA-0E0939A0DDD4}.Debug|Any CPU.ActiveCfg = Debug|Any CPU
		{94069BAA-F554-4C2F-BFCA-0E0939A0DDD4}.Debug|Any CPU.Build.0 = Debug|Any CPU
		{94069BAA-F554-4C2F-BFCA-0E0939A0DDD4}.Release|Any CPU.ActiveCfg = Release|Any CPU
		{94069BAA-F554-4C2F-BFCA-0E0939A0DDD4}.Release|Any CPU.Build.0 = Release|Any CPU
		{45E6B0E7-2A90-426F-A20E-8B836F706A9C}.Debug|Any CPU.ActiveCfg = Debug|Any CPU
		{45E6B0E7-2A90-426F-A20E-8B836F706A9C}.Debug|Any CPU.Build.0 = Debug|Any CPU
		{45E6B0E7-2A90-426F-A20E-8B836F706A9C}.Release|Any CPU.ActiveCfg = Release|Any CPU
		{45E6B0E7-2A90-426F-A20E-8B836F706A9C}.Release|Any CPU.Build.0 = Release|Any CPU
		{E14F6C9A-1A6F-4E54-BA2F-D06A93F4F796}.Debug|Any CPU.ActiveCfg = Debug|Any CPU
		{E14F6C9A-1A6F-4E54-BA2F-D06A93F4F796}.Debug|Any CPU.Build.0 = Debug|Any CPU
		{E14F6C9A-1A6F-4E54-BA2F-D06A93F4F796}.Release|Any CPU.ActiveCfg = Release|Any CPU
		{E14F6C9A-1A6F-4E54-BA2F-D06A93F4F796}.Release|Any CPU.Build.0 = Release|Any CPU
		{2C763043-6251-4D96-9462-FC9BE871CAB4}.Debug|Any CPU.ActiveCfg = Debug|Any CPU
		{2C763043-6251-4D96-9462-FC9BE871CAB4}.Debug|Any CPU.Build.0 = Debug|Any CPU
		{2C763043-6251-4D96-9462-FC9BE871CAB4}.Release|Any CPU.ActiveCfg = Release|Any CPU
		{2C763043-6251-4D96-9462-FC9BE871CAB4}.Release|Any CPU.Build.0 = Release|Any CPU
		{D4F74A14-623E-4A35-A67C-FD340E4A2AE1}.Debug|Any CPU.ActiveCfg = Debug|Any CPU
		{D4F74A14-623E-4A35-A67C-FD340E4A2AE1}.Debug|Any CPU.Build.0 = Debug|Any CPU
		{D4F74A14-623E-4A35-A67C-FD340E4A2AE1}.Release|Any CPU.ActiveCfg = Release|Any CPU
		{D4F74A14-623E-4A35-A67C-FD340E4A2AE1}.Release|Any CPU.Build.0 = Release|Any CPU
		{B9BCBB6D-512C-4DAA-BB2D-E01E22195F72}.Debug|Any CPU.ActiveCfg = Debug|Any CPU
		{B9BCBB6D-512C-4DAA-BB2D-E01E22195F72}.Debug|Any CPU.Build.0 = Debug|Any CPU
		{B9BCBB6D-512C-4DAA-BB2D-E01E22195F72}.Release|Any CPU.ActiveCfg = Release|Any CPU
		{B9BCBB6D-512C-4DAA-BB2D-E01E22195F72}.Release|Any CPU.Build.0 = Release|Any CPU
	EndGlobalSection
	GlobalSection(SolutionProperties) = preSolution
		HideSolutionNode = FALSE
	EndGlobalSection
	GlobalSection(NestedProjects) = preSolution
		{77A833CE-3E83-4408-BA8D-DE24B2139791} = {B6C17A1B-BE97-44DD-8BE0-A059B785D60D}
		{F238B308-7E4F-4831-A6E5-A4E129BB72A5} = {7EE51E23-EFC0-4B38-90DB-99B2DEB928C3}
		{DE91F299-8688-4F54-90FE-A1907661A0F2} = {F238B308-7E4F-4831-A6E5-A4E129BB72A5}
		{25E65FE6-0842-4C7F-8766-9C9495D23834} = {5780668D-82DB-46B9-926D-E9F5ADDE290C}
		{2DBBBCFD-5DB1-4330-B26C-917BD2463650} = {7EE51E23-EFC0-4B38-90DB-99B2DEB928C3}
		{128B32AF-D35C-4ACC-9065-FDB7D0616474} = {2DBBBCFD-5DB1-4330-B26C-917BD2463650}
		{89B1B5F1-0354-40CE-9187-8FF4363FC12D} = {B6C17A1B-BE97-44DD-8BE0-A059B785D60D}
		{C6AF7049-3785-4578-B20D-111E1B8AFB61} = {7EE51E23-EFC0-4B38-90DB-99B2DEB928C3}
		{FF8EAC05-646A-4AE4-8A29-FC6F089D3606} = {C6AF7049-3785-4578-B20D-111E1B8AFB61}
		{E47B974B-5266-4BFD-93B2-33D212342AC3} = {7EE51E23-EFC0-4B38-90DB-99B2DEB928C3}
		{94069BAA-F554-4C2F-BFCA-0E0939A0DDD4} = {E47B974B-5266-4BFD-93B2-33D212342AC3}
		{45E6B0E7-2A90-426F-A20E-8B836F706A9C} = {E47B974B-5266-4BFD-93B2-33D212342AC3}
		{E14F6C9A-1A6F-4E54-BA2F-D06A93F4F796} = {E47B974B-5266-4BFD-93B2-33D212342AC3}
		{2C763043-6251-4D96-9462-FC9BE871CAB4} = {E47B974B-5266-4BFD-93B2-33D212342AC3}
		{D4F74A14-623E-4A35-A67C-FD340E4A2AE1} = {D8C0AF3E-5215-44F6-ACE3-DFE18E50F2D5}
		{AD3DE05E-3B4B-49B6-B858-B8B29F37F4F0} = {7EE51E23-EFC0-4B38-90DB-99B2DEB928C3}
		{B9BCBB6D-512C-4DAA-BB2D-E01E22195F72} = {AD3DE05E-3B4B-49B6-B858-B8B29F37F4F0}
	EndGlobalSection
EndGlobal
